// !$*UTF8*$!
{
	archiveVersion = 1;
	classes = {
	};
	objectVersion = 48;
	objects = {

/* Begin PBXBuildFile section */
		23882A0E1FECEEAE0090165A /* AppDelegate.m in Sources */ = {isa = PBXBuildFile; fileRef = 23882A0D1FECEEAE0090165A /* AppDelegate.m */; };
		23882A111FECEEAE0090165A /* ViewController.m in Sources */ = {isa = PBXBuildFile; fileRef = 23882A101FECEEAE0090165A /* ViewController.m */; };
		23882A141FECEEAE0090165A /* Main.storyboard in Resources */ = {isa = PBXBuildFile; fileRef = 23882A121FECEEAE0090165A /* Main.storyboard */; };
		23882A161FECEEAE0090165A /* Assets.xcassets in Resources */ = {isa = PBXBuildFile; fileRef = 23882A151FECEEAE0090165A /* Assets.xcassets */; };
		23882A191FECEEAE0090165A /* LaunchScreen.storyboard in Resources */ = {isa = PBXBuildFile; fileRef = 23882A171FECEEAE0090165A /* LaunchScreen.storyboard */; };
		23882A1C1FECEEAE0090165A /* main.m in Sources */ = {isa = PBXBuildFile; fileRef = 23882A1B1FECEEAE0090165A /* main.m */; };
		23882A231FECF12C0090165A /* ViewController.xib in Resources */ = {isa = PBXBuildFile; fileRef = 23882A221FECF12C0090165A /* ViewController.xib */; };
/* End PBXBuildFile section */

/* Begin PBXFileReference section */
		23882A091FECEEAD0090165A /* BWTransferValueDemo.app */ = {isa = PBXFileReference; explicitFileType = wrapper.application; includeInIndex = 0; path = BWTransferValueDemo.app; sourceTree = BUILT_PRODUCTS_DIR; };
		23882A0C1FECEEAE0090165A /* AppDelegate.h */ = {isa = PBXFileReference; lastKnownFileType = sourcecode.c.h; path = AppDelegate.h; sourceTree = "<group>"; };
		23882A0D1FECEEAE0090165A /* AppDelegate.m */ = {isa = PBXFileReference; lastKnownFileType = sourcecode.c.objc; path = AppDelegate.m; sourceTree = "<group>"; };
		23882A0F1FECEEAE0090165A /* ViewController.h */ = {isa = PBXFileReference; lastKnownFileType = sourcecode.c.h; path = ViewController.h; sourceTree = "<group>"; };
		23882A101FECEEAE0090165A /* ViewController.m */ = {isa = PBXFileReference; lastKnownFileType = sourcecode.c.objc; path = ViewController.m; sourceTree = "<group>"; };
		23882A131FECEEAE0090165A /* Base */ = {isa = PBXFileReference; lastKnownFileType = file.storyboard; name = Base; path = Base.lproj/Main.storyboard; sourceTree = "<group>"; };
		23882A151FECEEAE0090165A /* Assets.xcassets */ = {isa = PBXFileReference; lastKnownFileType = folder.assetcatalog; path = Assets.xcassets; sourceTree = "<group>"; };
		23882A181FECEEAE0090165A /* Base */ = {isa = PBXFileReference; lastKnownFileType = file.storyboard; name = Base; path = Base.lproj/LaunchScreen.storyboard; sourceTree = "<group>"; };
		23882A1A1FECEEAE0090165A /* Info.plist */ = {isa = PBXFileReference; lastKnownFileType = text.plist.xml; path = Info.plist; sourceTree = "<group>"; };
		23882A1B1FECEEAE0090165A /* main.m */ = {isa = PBXFileReference; lastKnownFileType = sourcecode.c.objc; path = main.m; sourceTree = "<group>"; };
		23882A221FECF12C0090165A /* ViewController.xib */ = {isa = PBXFileReference; lastKnownFileType = file.xib; path = ViewController.xib; sourceTree = "<group>"; };
/* End PBXFileReference section */

/* Begin PBXFrameworksBuildPhase section */
		23882A061FECEEAD0090165A /* Frameworks */ = {
			isa = PBXFrameworksBuildPhase;
			buildActionMask = 2147483647;
			files = (
			);
			runOnlyForDeploymentPostprocessing = 0;
		};
/* End PBXFrameworksBuildPhase section */

/* Begin PBXGroup section */
		23882A001FECEEAD0090165A = {
			isa = PBXGroup;
			children = (
				23882A0B1FECEEAE0090165A /* BWTransferValueDemo */,
				23882A0A1FECEEAD0090165A /* Products */,
			);
			sourceTree = "<group>";
		};
		23882A0A1FECEEAD0090165A /* Products */ = {
			isa = PBXGroup;
			children = (
				23882A091FECEEAD0090165A /* BWTransferValueDemo.app */,
			);
			name = Products;
			sourceTree = "<group>";
		};
		23882A0B1FECEEAE0090165A /* BWTransferValueDemo */ = {
			isa = PBXGroup;
			children = (
				23882A0C1FECEEAE0090165A /* AppDelegate.h */,
				23882A0D1FECEEAE0090165A /* AppDelegate.m */,
				23882A0F1FECEEAE0090165A /* ViewController.h */,
				23882A101FECEEAE0090165A /* ViewController.m */,
				23882A221FECF12C0090165A /* ViewController.xib */,
				23882A121FECEEAE0090165A /* Main.storyboard */,
				23882A151FECEEAE0090165A /* Assets.xcassets */,
				23882A171FECEEAE0090165A /* LaunchScreen.storyboard */,
				23882A1A1FECEEAE0090165A /* Info.plist */,
				23882A1B1FECEEAE0090165A /* main.m */,
			);
			path = BWTransferValueDemo;
			sourceTree = "<group>";
		};
/* End PBXGroup section */

/* Begin PBXNativeTarget section */
		23882A081FECEEAD0090165A /* BWTransferValueDemo */ = {
			isa = PBXNativeTarget;
			buildConfigurationList = 23882A1F1FECEEAE0090165A /* Build configuration list for PBXNativeTarget "BWTransferValueDemo" */;
			buildPhases = (
				23882A051FECEEAD0090165A /* Sources */,
				23882A061FECEEAD0090165A /* Frameworks */,
				23882A071FECEEAD0090165A /* Resources */,
			);
			buildRules = (
			);
			dependencies = (
			);
			name = BWTransferValueDemo;
			productName = BWTransferValueDemo;
			productReference = 23882A091FECEEAD0090165A /* BWTransferValueDemo.app */;
			productType = "com.apple.product-type.application";
		};
/* End PBXNativeTarget section */

/* Begin PBXProject section */
		23882A011FECEEAD0090165A /* Project object */ = {
			isa = PBXProject;
			attributes = {
				LastUpgradeCheck = 0920;
				ORGANIZATIONNAME = mortal;
				TargetAttributes = {
					23882A081FECEEAD0090165A = {
						CreatedOnToolsVersion = 9.2;
						ProvisioningStyle = Automatic;
					};
				};
			};
			buildConfigurationList = 23882A041FECEEAD0090165A /* Build configuration list for PBXProject "BWTransferValueDemo" */;
			compatibilityVersion = "Xcode 8.0";
			developmentRegion = en;
			hasScannedForEncodings = 0;
			knownRegions = (
				en,
				Base,
			);
			mainGroup = 23882A001FECEEAD0090165A;
			productRefGroup = 23882A0A1FECEEAD0090165A /* Products */;
			projectDirPath = "";
			projectRoot = "";
			targets = (
				23882A081FECEEAD0090165A /* BWTransferValueDemo */,
			);
		};
/* End PBXProject section */

/* Begin PBXResourcesBuildPhase section */
		23882A071FECEEAD0090165A /* Resources */ = {
			isa = PBXResourcesBuildPhase;
			buildActionMask = 2147483647;
			files = (
				23882A191FECEEAE0090165A /* LaunchScreen.storyboard in Resources */,
				23882A161FECEEAE0090165A /* Assets.xcassets in Resources */,
				23882A231FECF12C0090165A /* ViewController.xib in Resources */,
				23882A141FECEEAE0090165A /* Main.storyboard in Resources */,
			);
			runOnlyForDeploymentPostprocessing = 0;
		};
/* End PBXResourcesBuildPhase section */

/* Begin PBXSourcesBuildPhase section */
		23882A051FECEEAD0090165A /* Sources */ = {
			isa = PBXSourcesBuildPhase;
			buildActionMask = 2147483647;
			files = (
				23882A111FECEEAE0090165A /* ViewController.m in Sources */,
				23882A1C1FECEEAE0090165A /* main.m in Sources */,
				23882A0E1FECEEAE0090165A /* AppDelegate.m in Sources */,
			);
			runOnlyForDeploymentPostprocessing = 0;
		};
/* End PBXSourcesBuildPhase section */

/* Begin PBXVariantGroup section */
		23882A121FECEEAE0090165A /* Main.storyboard */ = {
			isa = PBXVariantGroup;
			children = (
				23882A131FECEEAE0090165A /* Base */,
			);
			name = Main.storyboard;
			sourceTree = "<group>";
		};
		23882A171FECEEAE0090165A /* LaunchScreen.storyboard */ = {
			isa = PBXVariantGroup;
			children = (
				23882A181FECEEAE0090165A /* Base */,
			);
			name = LaunchScreen.storyboard;
			sourceTree = "<group>";
		};
/* End PBXVariantGroup section */

/* Begin XCBuildConfiguration section */
		23882A1D1FECEEAE0090165A /* Debug */ = {
			isa = XCBuildConfiguration;
			buildSettings = {
				ALWAYS_SEARCH_USER_PATHS = NO;
				CLANG_ANALYZER_NONNULL = YES;
				CLANG_ANALYZER_NUMBER_OBJECT_CONVERSION = YES_AGGRESSIVE;
				CLANG_CXX_LANGUAGE_STANDARD = "gnu++14";
				CLANG_CXX_LIBRARY = "libc++";
				CLANG_ENABLE_MODULES = YES;
				CLANG_ENABLE_OBJC_ARC = YES;
				CLANG_WARN_BLOCK_CAPTURE_AUTORELEASING = YES;
				CLANG_WARN_BOOL_CONVERSION = YES;
				CLANG_WARN_COMMA = YES;
				CLANG_WARN_CONSTANT_CONVERSION = YES;
				CLANG_WARN_DIRECT_OBJC_ISA_USAGE = YES_ERROR;
				CLANG_WARN_DOCUMENTATION_COMMENTS = YES;
				CLANG_WARN_EMPTY_BODY = YES;
				CLANG_WARN_ENUM_CONVERSION = YES;
				CLANG_WARN_INFINITE_RECURSION = YES;
				CLANG_WARN_INT_CONVERSION = YES;
				CLANG_WARN_NON_LITERAL_NULL_CONVERSION = YES;
				CLANG_WARN_OBJC_LITERAL_CONVERSION = YES;
				CLANG_WARN_OBJC_ROOT_CLASS = YES_ERROR;
				CLANG_WARN_RANGE_LOOP_ANALYSIS = YES;
				CLANG_WARN_STRICT_PROTOTYPES = YES;
				CLANG_WARN_SUSPICIOUS_MOVE = YES;
				CLANG_WARN_UNGUARDED_AVAILABILITY = YES_AGGRESSIVE;
				CLANG_WARN_UNREACHABLE_CODE = YES;
				CLANG_WARN__DUPLICATE_METHOD_MATCH = YES;
				CODE_SIGN_IDENTITY = "iPhone Developer";
				COPY_PHASE_STRIP = NO;
				DEBUG_INFORMATION_FORMAT = dwarf;
				ENABLE_STRICT_OBJC_MSGSEND = YES;
				ENABLE_TESTABILITY = YES;
				GCC_C_LANGUAGE_STANDARD = gnu11;
				GCC_DYNAMIC_NO_PIC = NO;
				GCC_NO_COMMON_BLOCKS = YES;
				GCC_OPTIMIZATION_LEVEL = 0;
				GCC_PREPROCESSOR_DEFINITIONS = (
					"DEBUG=1",
					"$(inherited)",
				);
				GCC_WARN_64_TO_32_BIT_CONVERSION = YES;
				GCC_WARN_ABOUT_RETURN_TYPE = YES_ERROR;
				GCC_WARN_UNDECLARED_SELECTOR = YES;
				GCC_WARN_UNINITIALIZED_AUTOS = YES_AGGRESSIVE;
				GCC_WARN_UNUSED_FUNCTION = YES;
				GCC_WARN_UNUSED_VARIABLE = YES;
				IPHONEOS_DEPLOYMENT_TARGET = 9.0;
				MTL_ENABLE_DEBUG_INFO = YES;
				ONLY_ACTIVE_ARCH = YES;
				SDKROOT = iphoneos;
			};
			name = Debug;
		};
		23882A1E1FECEEAE0090165A /* Release */ = {
			isa = XCBuildConfiguration;
			buildSettings = {
				ALWAYS_SEARCH_USER_PATHS = NO;
				CLANG_ANALYZER_NONNULL = YES;
				CLANG_ANALYZER_NUMBER_OBJECT_CONVERSION = YES_AGGRESSIVE;
				CLANG_CXX_LANGUAGE_STANDARD = "gnu++14";
				CLANG_CXX_LIBRARY = "libc++";
				CLANG_ENABLE_MODULES = YES;
				CLANG_ENABLE_OBJC_ARC = YES;
				CLANG_WARN_BLOCK_CAPTURE_AUTORELEASING = YES;
				CLANG_WARN_BOOL_CONVERSION = YES;
				CLANG_WARN_COMMA = YES;
				CLANG_WARN_CONSTANT_CONVERSION = YES;
				CLANG_WARN_DIRECT_OBJC_ISA_USAGE = YES_ERROR;
				CLANG_WARN_DOCUMENTATION_COMMENTS = YES;
				CLANG_WARN_EMPTY_BODY = YES;
				CLANG_WARN_ENUM_CONVERSION = YES;
				CLANG_WARN_INFINITE_RECURSION = YES;
				CLANG_WARN_INT_CONVERSION = YES;
				CLANG_WARN_NON_LITERAL_NULL_CONVERSION = YES;
				CLANG_WARN_OBJC_LITERAL_CONVERSION = YES;
				CLANG_WARN_OBJC_ROOT_CLASS = YES_ERROR;
				CLANG_WARN_RANGE_LOOP_ANALYSIS = YES;
				CLANG_WARN_STRICT_PROTOTYPES = YES;
				CLANG_WARN_SUSPICIOUS_MOVE = YES;
				CLANG_WARN_UNGUARDED_AVAILABILITY = YES_AGGRESSIVE;
				CLANG_WARN_UNREACHABLE_CODE = YES;
				CLANG_WARN__DUPLICATE_METHOD_MATCH = YES;
				CODE_SIGN_IDENTITY = "iPhone Developer";
				COPY_PHASE_STRIP = NO;
				DEBUG_INFORMATION_FORMAT = "dwarf-with-dsym";
				ENABLE_NS_ASSERTIONS = NO;
				ENABLE_STRICT_OBJC_MSGSEND = YES;
				GCC_C_LANGUAGE_STANDARD = gnu11;
				GCC_NO_COMMON_BLOCKS = YES;
				GCC_WARN_64_TO_32_BIT_CONVERSION = YES;
				GCC_WARN_ABOUT_RETURN_TYPE = YES_ERROR;
				GCC_WARN_UNDECLARED_SELECTOR = YES;
				GCC_WARN_UNINITIALIZED_AUTOS = YES_AGGRESSIVE;
				GCC_WARN_UNUSED_FUNCTION = YES;
				GCC_WARN_UNUSED_VARIABLE = YES;
				IPHONEOS_DEPLOYMENT_TARGET = 9.0;
				MTL_ENABLE_DEBUG_INFO = NO;
				SDKROOT = iphoneos;
				VALIDATE_PRODUCT = YES;
			};
			name = Release;
		};
		23882A201FECEEAE0090165A /* Debug */ = {
			isa = XCBuildConfiguration;
			buildSettings = {
				ASSETCATALOG_COMPILER_APPICON_NAME = AppIcon;
				CODE_SIGN_STYLE = Automatic;
				DEVELOPMENT_TEAM = CB4RJ8S956;
				INFOPLIST_FILE = BWTransferValueDemo/Info.plist;
				LD_RUNPATH_SEARCH_PATHS = "$(inherited) @executable_path/Frameworks";
				PRODUCT_BUNDLE_IDENTIFIER = com.bornLi.BWTransferValueDemo;
				PRODUCT_NAME = "$(TARGET_NAME)";
				TARGETED_DEVICE_FAMILY = "1,2";
			};
			name = Debug;
		};
		23882A211FECEEAE0090165A /* Release */ = {
			isa = XCBuildConfiguration;
			buildSettings = {
				ASSETCATALOG_COMPILER_APPICON_NAME = AppIcon;
				CODE_SIGN_STYLE = Automatic;
				DEVELOPMENT_TEAM = CB4RJ8S956;
				INFOPLIST_FILE = BWTransferValueDemo/Info.plist;
				LD_RUNPATH_SEARCH_PATHS = "$(inherited) @executable_path/Frameworks";
				PRODUCT_BUNDLE_IDENTIFIER = com.bornLi.BWTransferValueDemo;
				PRODUCT_NAME = "$(TARGET_NAME)";
				TARGETED_DEVICE_FAMILY = "1,2";
			};
			name = Release;
		};
/* End XCBuildConfiguration section */

/* Begin XCConfigurationList section */
		23882A041FECEEAD0090165A /* Build configuration list for PBXProject "BWTransferValueDemo" */ = {
			isa = XCConfigurationList;
			buildConfigurations = (
				23882A1D1FECEEAE0090165A /* Debug */,
				23882A1E1FECEEAE0090165A /* Release */,
			);
			defaultConfigurationIsVisible = 0;
			defaultConfigurationName = Release;
		};
		23882A1F1FECEEAE0090165A /* Build configuration list for PBXNativeTarget "BWTransferValueDemo" */ = {
			isa = XCConfigurationList;
			buildConfigurations = (
				23882A201FECEEAE0090165A /* Debug */,
				23882A211FECEEAE0090165A /* Release */,
			);
			defaultConfigurationIsVisible = 0;
			defaultConfigurationName = Release;
		};
/* End XCConfigurationList section */
	};
	rootObject = 23882A011FECEEAD0090165A /* Project object */;
}
